
Microsoft Visual Studio Solution File, Format Version 12.00
# Visual Studio 2015
Project("{FAE04EC0-301F-11D3-BF4B-00C04F79EFBC}") = "CatBurglars_ProjectFolder.CSharp.Plugins", "CatBurglars_ProjectFolder.CSharp.Plugins.csproj", "{48CC8D70-B70A-E31D-6EE2-3E9C2D0058A1}"
EndProject
Project("{FAE04EC0-301F-11D3-BF4B-00C04F79EFBC}") = "CatBurglars_ProjectFolder.CSharp", "CatBurglars_ProjectFolder.CSharp.csproj", "{6FA9ED13-F5DA-CE36-A00C-832EA3DE0CBA}"
EndProject
Project("{FAE04EC0-301F-11D3-BF4B-00C04F79EFBC}") = "CatBurglars_ProjectFolder.CSharp.Editor", "CatBurglars_ProjectFolder.CSharp.Editor.csproj", "{2687DB46-52AF-040E-63F4-3042FC000E0D}"
EndProject
Global
	GlobalSection(SolutionConfigurationPlatforms) = preSolution
		Debug|Any CPU = Debug|Any CPU
		Release|Any CPU = Release|Any CPU
	EndGlobalSection
	GlobalSection(ProjectConfigurationPlatforms) = postSolution
		{48CC8D70-B70A-E31D-6EE2-3E9C2D0058A1}.Debug|Any CPU.ActiveCfg = Debug|Any CPU
		{48CC8D70-B70A-E31D-6EE2-3E9C2D0058A1}.Debug|Any CPU.Build.0 = Debug|Any CPU
		{48CC8D70-B70A-E31D-6EE2-3E9C2D0058A1}.Release|Any CPU.ActiveCfg = Release|Any CPU
		{48CC8D70-B70A-E31D-6EE2-3E9C2D0058A1}.Release|Any CPU.Build.0 = Release|Any CPU
		{6FA9ED13-F5DA-CE36-A00C-832EA3DE0CBA}.Debug|Any CPU.ActiveCfg = Debug|Any CPU
		{6FA9ED13-F5DA-CE36-A00C-832EA3DE0CBA}.Debug|Any CPU.Build.0 = Debug|Any CPU
		{6FA9ED13-F5DA-CE36-A00C-832EA3DE0CBA}.Release|Any CPU.ActiveCfg = Release|Any CPU
		{6FA9ED13-F5DA-CE36-A00C-832EA3DE0CBA}.Release|Any CPU.Build.0 = Release|Any CPU
		{2687DB46-52AF-040E-63F4-3042FC000E0D}.Debug|Any CPU.ActiveCfg = Debug|Any CPU
		{2687DB46-52AF-040E-63F4-3042FC000E0D}.Debug|Any CPU.Build.0 = Debug|Any CPU
		{2687DB46-52AF-040E-63F4-3042FC000E0D}.Release|Any CPU.ActiveCfg = Release|Any CPU
		{2687DB46-52AF-040E-63F4-3042FC000E0D}.Release|Any CPU.Build.0 = Release|Any CPU
	EndGlobalSection
	GlobalSection(SolutionProperties) = preSolution
		HideSolutionNode = FALSE
	EndGlobalSection
EndGlobal
