Microsoft Visual Studio Solution File, Format Version 11.00
# Visual Studio 2008

Project("{02A6D307-8B00-A535-1568-4D79460CA1F8}") = "TestRoomBuild_NoGuard", "Assembly-CSharp-firstpass.csproj", "{75672867-C05C-45F4-F80C-B23D70D0A4A6}"
EndProject
Project("{02A6D307-8B00-A535-1568-4D79460CA1F8}") = "TestRoomBuild_NoGuard", "Assembly-CSharp.csproj", "{BEAA41BA-E0DE-6FFD-3122-484FD48499F9}"
EndProject
Project("{02A6D307-8B00-A535-1568-4D79460CA1F8}") = "TestRoomBuild_NoGuard", "Assembly-CSharp-Editor.csproj", "{108B0ADD-1FC6-A27C-E50C-A64CA024E786}"
EndProject
Global
	GlobalSection(SolutionConfigurationPlatforms) = preSolution
		Debug|Any CPU = Debug|Any CPU
		Release|Any CPU = Release|Any CPU
	EndGlobalSection
	GlobalSection(ProjectConfigurationPlatforms) = postSolution
		{75672867-C05C-45F4-F80C-B23D70D0A4A6}.Debug|Any CPU.ActiveCfg = Debug|Any CPU
		{75672867-C05C-45F4-F80C-B23D70D0A4A6}.Debug|Any CPU.Build.0 = Debug|Any CPU
		{75672867-C05C-45F4-F80C-B23D70D0A4A6}.Release|Any CPU.ActiveCfg = Release|Any CPU
		{75672867-C05C-45F4-F80C-B23D70D0A4A6}.Release|Any CPU.Build.0 = Release|Any CPU
		{BEAA41BA-E0DE-6FFD-3122-484FD48499F9}.Debug|Any CPU.ActiveCfg = Debug|Any CPU
		{BEAA41BA-E0DE-6FFD-3122-484FD48499F9}.Debug|Any CPU.Build.0 = Debug|Any CPU
		{BEAA41BA-E0DE-6FFD-3122-484FD48499F9}.Release|Any CPU.ActiveCfg = Release|Any CPU
		{BEAA41BA-E0DE-6FFD-3122-484FD48499F9}.Release|Any CPU.Build.0 = Release|Any CPU
		{108B0ADD-1FC6-A27C-E50C-A64CA024E786}.Debug|Any CPU.ActiveCfg = Debug|Any CPU
		{108B0ADD-1FC6-A27C-E50C-A64CA024E786}.Debug|Any CPU.Build.0 = Debug|Any CPU
		{108B0ADD-1FC6-A27C-E50C-A64CA024E786}.Release|Any CPU.ActiveCfg = Release|Any CPU
		{108B0ADD-1FC6-A27C-E50C-A64CA024E786}.Release|Any CPU.Build.0 = Release|Any CPU
	EndGlobalSection
	GlobalSection(SolutionProperties) = preSolution
		HideSolutionNode = FALSE
	EndGlobalSection
	GlobalSection(MonoDevelopProperties) = preSolution
		StartupItem = Assembly-CSharp.csproj
		Policies = $0
		$0.TextStylePolicy = $1
		$1.inheritsSet = null
		$1.scope = text/x-csharp
		$0.CSharpFormattingPolicy = $2
		$2.inheritsSet = Mono
		$2.inheritsScope = text/x-csharp
		$2.scope = text/x-csharp
		$0.TextStylePolicy = $3
		$3.FileWidth = 120
		$3.TabWidth = 4
		$3.IndentWidth = 4
		$3.EolMarker = Unix
		$3.inheritsSet = Mono
		$3.inheritsScope = text/plain
		$3.scope = text/plain
	EndGlobalSection
EndGlobal
